{
  "name": "release-test-monorepo",
  "version": "0.1.0",
  "lockfileVersion": 3,
  "requires": true,
  "packages": {
    "": {
      "name": "release-test-monorepo",
      "version": "0.1.0",
      "workspaces": [
        "packages/package-a",
        "packages/package-b"
      ]
    },
    "node_modules/package-a": {
      "resolved": "packages/package-a",
      "link": true
    },
    "node_modules/package-b": {
      "resolved": "packages/package-b",
      "link": true
    },
    "packages/package-a": {
      "version": "0.0.0"
    },
    "packages/package-b": {
      "version": "0.0.1"
    }
  }
}
